
Microsoft Visual Studio Solution File, Format Version 12.00
# Visual Studio Version 17
VisualStudioVersion = 17.14.36623.8 d17.14
MinimumVisualStudioVersion = 10.0.40219.1
Project("{FAE04EC0-301F-11D3-BF4B-00C04F79EFBC}") = "GizmoApp", "GizmoApp\GizmoApp.csproj", "{CC0E3FB7-6C1B-4D4A-AEBB-D44FBFFD6912}"
EndProject
Global
	GlobalSection(SolutionConfigurationPlatforms) = preSolution
		Debug|Any CPU = Debug|Any CPU
		Release|Any CPU = Release|Any CPU
	EndGlobalSection
	GlobalSection(ProjectConfigurationPlatforms) = postSolution
		{CC0E3FB7-6C1B-4D4A-AEBB-D44FBFFD6912}.Debug|Any CPU.ActiveCfg = Debug|Any CPU
		{CC0E3FB7-6C1B-4D4A-AEBB-D44FBFFD6912}.Debug|Any CPU.Build.0 = Debug|Any CPU
		{CC0E3FB7-6C1B-4D4A-AEBB-D44FBFFD6912}.Release|Any CPU.ActiveCfg = Release|Any CPU
		{CC0E3FB7-6C1B-4D4A-AEBB-D44FBFFD6912}.Release|Any CPU.Build.0 = Release|Any CPU
	EndGlobalSection
	GlobalSection(SolutionProperties) = preSolution
		HideSolutionNode = FALSE
	EndGlobalSection
	GlobalSection(ExtensibilityGlobals) = postSolution
		SolutionGuid = {68D7F2AE-17E2-41AD-A007-C6F2502E92FB}
	EndGlobalSection
EndGlobal
